// !$*UTF8*$!
{
	archiveVersion = 1;
	classes = {
	};
	objectVersion = 77;
	objects = {

/* Begin PBXContainerItemProxy section */
		53F544012F96ABBD00BB8616 /* PBXContainerItemProxy */ = {
			isa = PBXContainerItemProxy;
			containerPortal = 53F543EB2F96ABBB00BB8616 /* Project object */;
			proxyType = 1;
			remoteGlobalIDString = 53F543F22F96ABBC00BB8616;
			remoteInfo = NewWeatherAPP;
		};
		53F5440B2F96ABBD00BB8616 /* PBXContainerItemProxy */ = {
			isa = PBXContainerItemProxy;
			containerPortal = 53F543EB2F96ABBB00BB8616 /* Project object */;
			proxyType = 1;
			remoteGlobalIDString = 53F543F22F96ABBC00BB8616;
			remoteInfo = NewWeatherAPP;
		};
/* End PBXContainerItemProxy section */

/* Begin PBXFileReference section */
		53F543F32F96ABBC00BB8616 /* NewWeatherAPP.app */ = {isa = PBXFileReference; explicitFileType = wrapper.application; includeInIndex = 0; path = NewWeatherAPP.app; sourceTree = BUILT_PRODUCTS_DIR; };
		53F544002F96ABBD00BB8616 /* NewWeatherAPPTests.xctest */ = {isa = PBXFileReference; explicitFileType = wrapper.cfbundle; includeInIndex = 0; path = NewWeatherAPPTests.xctest; sourceTree = BUILT_PRODUCTS_DIR; };
		53F5440A2F96ABBD00BB8616 /* NewWeatherAPPUITests.xctest */ = {isa = PBXFileReference; explicitFileType = wrapper.cfbundle; includeInIndex = 0; path = NewWeatherAPPUITests.xctest; sourceTree = BUILT_PRODUCTS_DIR; };
/* End PBXFileReference section */

/* Begin PBXFileSystemSynchronizedRootGroup section */
		53F543F52F96ABBC00BB8616 /* NewWeatherAPP */ = {
			isa = PBXFileSystemSynchronizedRootGroup;
			path = NewWeatherAPP;
			sourceTree = "<group>";
		};
		53F544032F96ABBD00BB8616 /* NewWeatherAPPTests */ = {
			isa = PBXFileSystemSynchronizedRootGroup;
			path = NewWeatherAPPTests;
			sourceTree = "<group>";
		};
		53F5440D2F96ABBD00BB8616 /* NewWeatherAPPUITests */ = {
			isa = PBXFileSystemSynchronizedRootGroup;
			path = NewWeatherAPPUITests;
			sourceTree = "<group>";
		};
/* End PBXFileSystemSynchronizedRootGroup section */

/* Begin PBXFrameworksBuildPhase section */
		53F543F02F96ABBC00BB8616 /* Frameworks */ = {
			isa = PBXFrameworksBuildPhase;
			buildActionMask = 2147483647;
			files = (
			);
			runOnlyForDeploymentPostprocessing = 0;
		};
		53F543FD2F96ABBD00BB8616 /* Frameworks */ = {
			isa = PBXFrameworksBuildPhase;
			buildActionMask = 2147483647;
			files = (
			);
			runOnlyForDeploymentPostprocessing = 0;
		};
		53F544072F96ABBD00BB8616 /* Frameworks */ = {
			isa = PBXFrameworksBuildPhase;
			buildActionMask = 2147483647;
			files = (
			);
			runOnlyForDeploymentPostprocessing = 0;
		};
/* End PBXFrameworksBuildPhase section */

/* Begin PBXGroup section */
		53F543EA2F96ABBB00BB8616 = {
			isa = PBXGroup;
			children = (
				53F543F52F96ABBC00BB8616 /* NewWeatherAPP */,
				53F544032F96ABBD00BB8616 /* NewWeatherAPPTests */,
				53F5440D2F96ABBD00BB8616 /* NewWeatherAPPUITests */,
				53F543F42F96ABBC00BB8616 /* Products */,
			);
			sourceTree = "<group>";
		};
		53F543F42F96ABBC00BB8616 /* Products */ = {
			isa = PBXGroup;
			children = (
				53F543F32F96ABBC00BB8616 /* NewWeatherAPP.app */,
				53F544002F96ABBD00BB8616 /* NewWeatherAPPTests.xctest */,
				53F5440A2F96ABBD00BB8616 /* NewWeatherAPPUITests.xctest */,
			);
			name = Products;
			sourceTree = "<group>";
		};
/* End PBXGroup section */

/* Begin PBXNativeTarget section */
		53F543F22F96ABBC00BB8616 /* NewWeatherAPP */ = {
			isa = PBXNativeTarget;
			buildConfigurationList = 53F544142F96ABBD00BB8616 /* Build configuration list for PBXNativeTarget "NewWeatherAPP" */;
			buildPhases = (
				53F543EF2F96ABBC00BB8616 /* Sources */,
				53F543F02F96ABBC00BB8616 /* Frameworks */,
				53F543F12F96ABBC00BB8616 /* Resources */,
			);
			buildRules = (
			);
			dependencies = (
			);
			fileSystemSynchronizedGroups = (
				53F543F52F96ABBC00BB8616 /* NewWeatherAPP */,
			);
			name = NewWeatherAPP;
			packageProductDependencies = (
			);
			productName = NewWeatherAPP;
			productReference = 53F543F32F96ABBC00BB8616 /* NewWeatherAPP.app */;
			productType = "com.apple.product-type.application";
		};
		53F543FF2F96ABBD00BB8616 /* NewWeatherAPPTests */ = {
			isa = PBXNativeTarget;
			buildConfigurationList = 53F544172F96ABBD00BB8616 /* Build configuration list for PBXNativeTarget "NewWeatherAPPTests" */;
			buildPhases = (
				53F543FC2F96ABBD00BB8616 /* Sources */,
				53F543FD2F96ABBD00BB8616 /* Frameworks */,
				53F543FE2F96ABBD00BB8616 /* Resources */,
			);
			buildRules = (
			);
			dependencies = (
				53F544022F96ABBD00BB8616 /* PBXTargetDependency */,
			);
			fileSystemSynchronizedGroups = (
				53F544032F96ABBD00BB8616 /* NewWeatherAPPTests */,
			);
			name = NewWeatherAPPTests;
			packageProductDependencies = (
			);
			productName = NewWeatherAPPTests;
			productReference = 53F544002F96ABBD00BB8616 /* NewWeatherAPPTests.xctest */;
			productType = "com.apple.product-type.bundle.unit-test";
		};
		53F544092F96ABBD00BB8616 /* NewWeatherAPPUITests */ = {
			isa = PBXNativeTarget;
			buildConfigurationList = 53F5441A2F96ABBD00BB8616 /* Build configuration list for PBXNativeTarget "NewWeatherAPPUITests" */;
			buildPhases = (
				53F544062F96ABBD00BB8616 /* Sources */,
				53F544072F96ABBD00BB8616 /* Frameworks */,
				53F544082F96ABBD00BB8616 /* Resources */,
			);
			buildRules = (
			);
			dependencies = (
				53F5440C2F96ABBD00BB8616 /* PBXTargetDependency */,
			);
			fileSystemSynchronizedGroups = (
				53F5440D2F96ABBD00BB8616 /* NewWeatherAPPUITests */,
			);
			name = NewWeatherAPPUITests;
			packageProductDependencies = (
			);
			productName = NewWeatherAPPUITests;
			productReference = 53F5440A2F96ABBD00BB8616 /* NewWeatherAPPUITests.xctest */;
			productType = "com.apple.product-type.bundle.ui-testing";
		};
/* End PBXNativeTarget section */

/* Begin PBXProject section */
		53F543EB2F96ABBB00BB8616 /* Project object */ = {
			isa = PBXProject;
			attributes = {
				BuildIndependentTargetsInParallel = 1;
				LastSwiftUpdateCheck = 2620;
				LastUpgradeCheck = 2620;
				TargetAttributes = {
					53F543F22F96ABBC00BB8616 = {
						CreatedOnToolsVersion = 26.2;
					};
					53F543FF2F96ABBD00BB8616 = {
						CreatedOnToolsVersion = 26.2;
						TestTargetID = 53F543F22F96ABBC00BB8616;
					};
					53F544092F96ABBD00BB8616 = {
						CreatedOnToolsVersion = 26.2;
						TestTargetID = 53F543F22F96ABBC00BB8616;
					};
				};
			};
			buildConfigurationList = 53F543EE2F96ABBB00BB8616 /* Build configuration list for PBXProject "NewWeatherAPP" */;
			developmentRegion = en;
			hasScannedForEncodings = 0;
			knownRegions = (
				en,
				Base,
			);
			mainGroup = 53F543EA2F96ABBB00BB8616;
			minimizedProjectReferenceProxies = 1;
			preferredProjectObjectVersion = 77;
			productRefGroup = 53F543F42F96ABBC00BB8616 /* Products */;
			projectDirPath = "";
			projectRoot = "";
			targets = (
				53F543F22F96ABBC00BB8616 /* NewWeatherAPP */,
				53F543FF2F96ABBD00BB8616 /* NewWeatherAPPTests */,
				53F544092F96ABBD00BB8616 /* NewWeatherAPPUITests */,
			);
		};
/* End PBXProject section */

/* Begin PBXResourcesBuildPhase section */
		53F543F12F96ABBC00BB8616 /* Resources */ = {
			isa = PBXResourcesBuildPhase;
			buildActionMask = 2147483647;
			files = (
			);
			runOnlyForDeploymentPostprocessing = 0;
		};
		53F543FE2F96ABBD00BB8616 /* Resources */ = {
			isa = PBXResourcesBuildPhase;
			buildActionMask = 2147483647;
			files = (
			);
			runOnlyForDeploymentPostprocessing = 0;
		};
		53F544082F96ABBD00BB8616 /* Resources */ = {
			isa = PBXResourcesBuildPhase;
			buildActionMask = 2147483647;
			files = (
			);
			runOnlyForDeploymentPostprocessing = 0;
		};
/* End PBXResourcesBuildPhase section */

/* Begin PBXSourcesBuildPhase section */
		53F543EF2F96ABBC00BB8616 /* Sources */ = {
			isa = PBXSourcesBuildPhase;
			buildActionMask = 2147483647;
			files = (
			);
			runOnlyForDeploymentPostprocessing = 0;
		};
		53F543FC2F96ABBD00BB8616 /* Sources */ = {
			isa = PBXSourcesBuildPhase;
			buildActionMask = 2147483647;
			files = (
			);
			runOnlyForDeploymentPostprocessing = 0;
		};
		53F544062F96ABBD00BB8616 /* Sources */ = {
			isa = PBXSourcesBuildPhase;
			buildActionMask = 2147483647;
			files = (
			);
			runOnlyForDeploymentPostprocessing = 0;
		};
/* End PBXSourcesBuildPhase section */

/* Begin PBXTargetDependency section */
		53F544022F96ABBD00BB8616 /* PBXTargetDependency */ = {
			isa = PBXTargetDependency;
			target = 53F543F22F96ABBC00BB8616 /* NewWeatherAPP */;
			targetProxy = 53F544012F96ABBD00BB8616 /* PBXContainerItemProxy */;
		};
		53F5440C2F96ABBD00BB8616 /* PBXTargetDependency */ = {
			isa = PBXTargetDependency;
			target = 53F543F22F96ABBC00BB8616 /* NewWeatherAPP */;
			targetProxy = 53F5440B2F96ABBD00BB8616 /* PBXContainerItemProxy */;
		};
/* End PBXTargetDependency section */

/* Begin XCBuildConfiguration section */
		53F544122F96ABBD00BB8616 /* Debug */ = {
			isa = XCBuildConfiguration;
			buildSettings = {
				ALWAYS_SEARCH_USER_PATHS = NO;
				ASSETCATALOG_COMPILER_GENERATE_SWIFT_ASSET_SYMBOL_EXTENSIONS = YES;
				CLANG_ANALYZER_NONNULL = YES;
				CLANG_ANALYZER_NUMBER_OBJECT_CONVERSION = YES_AGGRESSIVE;
				CLANG_CXX_LANGUAGE_STANDARD = "gnu++20";
				CLANG_ENABLE_MODULES = YES;
				CLANG_ENABLE_OBJC_ARC = YES;
				CLANG_ENABLE_OBJC_WEAK = YES;
				CLANG_WARN_BLOCK_CAPTURE_AUTORELEASING = YES;
				CLANG_WARN_BOOL_CONVERSION = YES;
				CLANG_WARN_COMMA = YES;
				CLANG_WARN_CONSTANT_CONVERSION = YES;
				CLANG_WARN_DEPRECATED_OBJC_IMPLEMENTATIONS = YES;
				CLANG_WARN_DIRECT_OBJC_ISA_USAGE = YES_ERROR;
				CLANG_WARN_DOCUMENTATION_COMMENTS = YES;
				CLANG_WARN_EMPTY_BODY = YES;
				CLANG_WARN_ENUM_CONVERSION = YES;
				CLANG_WARN_INFINITE_RECURSION = YES;
				CLANG_WARN_INT_CONVERSION = YES;
				CLANG_WARN_NON_LITERAL_NULL_CONVERSION = YES;
				CLANG_WARN_OBJC_IMPLICIT_RETAIN_SELF = YES;
				CLANG_WARN_OBJC_LITERAL_CONVERSION = YES;
				CLANG_WARN_OBJC_ROOT_CLASS = YES_ERROR;
				CLANG_WARN_QUOTED_INCLUDE_IN_FRAMEWORK_HEADER = YES;
				CLANG_WARN_RANGE_LOOP_ANALYSIS = YES;
				CLANG_WARN_STRICT_PROTOTYPES = YES;
				CLANG_WARN_SUSPICIOUS_MOVE = YES;
				CLANG_WARN_UNGUARDED_AVAILABILITY = YES_AGGRESSIVE;
				CLANG_WARN_UNREACHABLE_CODE = YES;
				CLANG_WARN__DUPLICATE_METHOD_MATCH = YES;
				COPY_PHASE_STRIP = NO;
				DEBUG_INFORMATION_FORMAT = dwarf;
				ENABLE_STRICT_OBJC_MSGSEND = YES;
				ENABLE_TESTABILITY = YES;
				ENABLE_USER_SCRIPT_SANDBOXING = YES;
				GCC_C_LANGUAGE_STANDARD = gnu17;
				GCC_DYNAMIC_NO_PIC = NO;
				GCC_NO_COMMON_BLOCKS = YES;
				GCC_OPTIMIZATION_LEVEL = 0;
				GCC_PREPROCESSOR_DEFINITIONS = (
					"DEBUG=1",
					"$(inherited)",
				);
				GCC_WARN_64_TO_32_BIT_CONVERSION = YES;
				GCC_WARN_ABOUT_RETURN_TYPE = YES_ERROR;
				GCC_WARN_UNDECLARED_SELECTOR = YES;
				GCC_WARN_UNINITIALIZED_AUTOS = YES_AGGRESSIVE;
				GCC_WARN_UNUSED_FUNCTION = YES;
				GCC_WARN_UNUSED_VARIABLE = YES;
				IPHONEOS_DEPLOYMENT_TARGET = 26.2;
				LOCALIZATION_PREFERS_STRING_CATALOGS = YES;
				MTL_ENABLE_DEBUG_INFO = INCLUDE_SOURCE;
				MTL_FAST_MATH = YES;
				ONLY_ACTIVE_ARCH = YES;
				SDKROOT = iphoneos;
				SWIFT_ACTIVE_COMPILATION_CONDITIONS = "DEBUG $(inherited)";
				SWIFT_OPTIMIZATION_LEVEL = "-Onone";
			};
			name = Debug;
		};
		53F544132F96ABBD00BB8616 /* Release */ = {
			isa = XCBuildConfiguration;
			buildSettings = {
				ALWAYS_SEARCH_USER_PATHS = NO;
				ASSETCATALOG_COMPILER_GENERATE_SWIFT_ASSET_SYMBOL_EXTENSIONS = YES;
				CLANG_ANALYZER_NONNULL = YES;
				CLANG_ANALYZER_NUMBER_OBJECT_CONVERSION = YES_AGGRESSIVE;
				CLANG_CXX_LANGUAGE_STANDARD = "gnu++20";
				CLANG_ENABLE_MODULES = YES;
				CLANG_ENABLE_OBJC_ARC = YES;
				CLANG_ENABLE_OBJC_WEAK = YES;
				CLANG_WARN_BLOCK_CAPTURE_AUTORELEASING = YES;
				CLANG_WARN_BOOL_CONVERSION = YES;
				CLANG_WARN_COMMA = YES;
				CLANG_WARN_CONSTANT_CONVERSION = YES;
				CLANG_WARN_DEPRECATED_OBJC_IMPLEMENTATIONS = YES;
				CLANG_WARN_DIRECT_OBJC_ISA_USAGE = YES_ERROR;
				CLANG_WARN_DOCUMENTATION_COMMENTS = YES;
				CLANG_WARN_EMPTY_BODY = YES;
				CLANG_WARN_ENUM_CONVERSION = YES;
				CLANG_WARN_INFINITE_RECURSION = YES;
				CLANG_WARN_INT_CONVERSION = YES;
				CLANG_WARN_NON_LITERAL_NULL_CONVERSION = YES;
				CLANG_WARN_OBJC_IMPLICIT_RETAIN_SELF = YES;
				CLANG_WARN_OBJC_LITERAL_CONVERSION = YES;
				CLANG_WARN_OBJC_ROOT_CLASS = YES_ERROR;
				CLANG_WARN_QUOTED_INCLUDE_IN_FRAMEWORK_HEADER = YES;
				CLANG_WARN_RANGE_LOOP_ANALYSIS = YES;
				CLANG_WARN_STRICT_PROTOTYPES = YES;
				CLANG_WARN_SUSPICIOUS_MOVE = YES;
				CLANG_WARN_UNGUARDED_AVAILABILITY = YES_AGGRESSIVE;
				CLANG_WARN_UNREACHABLE_CODE = YES;
				CLANG_WARN__DUPLICATE_METHOD_MATCH = YES;
				COPY_PHASE_STRIP = NO;
				DEBUG_INFORMATION_FORMAT = "dwarf-with-dsym";
				ENABLE_NS_ASSERTIONS = NO;
				ENABLE_STRICT_OBJC_MSGSEND = YES;
				ENABLE_USER_SCRIPT_SANDBOXING = YES;
				GCC_C_LANGUAGE_STANDARD = gnu17;
				GCC_NO_COMMON_BLOCKS = YES;
				GCC_WARN_64_TO_32_BIT_CONVERSION = YES;
				GCC_WARN_ABOUT_RETURN_TYPE = YES_ERROR;
				GCC_WARN_UNDECLARED_SELECTOR = YES;
				GCC_WARN_UNINITIALIZED_AUTOS = YES_AGGRESSIVE;
				GCC_WARN_UNUSED_FUNCTION = YES;
				GCC_WARN_UNUSED_VARIABLE = YES;
				IPHONEOS_DEPLOYMENT_TARGET = 26.2;
				LOCALIZATION_PREFERS_STRING_CATALOGS = YES;
				MTL_ENABLE_DEBUG_INFO = NO;
				MTL_FAST_MATH = YES;
				SDKROOT = iphoneos;
				SWIFT_COMPILATION_MODE = wholemodule;
				VALIDATE_PRODUCT = YES;
			};
			name = Release;
		};
		53F544152F96ABBD00BB8616 /* Debug */ = {
			isa = XCBuildConfiguration;
			buildSettings = {
				ASSETCATALOG_COMPILER_APPICON_NAME = AppIcon;
				ASSETCATALOG_COMPILER_GLOBAL_ACCENT_COLOR_NAME = AccentColor;
				CODE_SIGN_STYLE = Automatic;
				CURRENT_PROJECT_VERSION = 1;
				ENABLE_PREVIEWS = YES;
				GENERATE_INFOPLIST_FILE = YES;
				INFOPLIST_KEY_NSLocationWhenInUseUsageDescription = "Your location is used to show local weather first.";
				INFOPLIST_KEY_UIApplicationSceneManifest_Generation = YES;
				INFOPLIST_KEY_UIApplicationSupportsIndirectInputEvents = YES;
				INFOPLIST_KEY_UILaunchScreen_Generation = YES;
				INFOPLIST_KEY_UISupportedInterfaceOrientations_iPad = "UIInterfaceOrientationPortrait UIInterfaceOrientationPortraitUpsideDown UIInterfaceOrientationLandscapeLeft UIInterfaceOrientationLandscapeRight";
				INFOPLIST_KEY_UISupportedInterfaceOrientations_iPhone = "UIInterfaceOrientationPortrait UIInterfaceOrientationLandscapeLeft UIInterfaceOrientationLandscapeRight";
				LD_RUNPATH_SEARCH_PATHS = (
					"$(inherited)",
					"@executable_path/Frameworks",
				);
				MARKETING_VERSION = 1.0;
				PRODUCT_BUNDLE_IDENTIFIER = NewWeatherAPP.NewWeatherAPP;
				PRODUCT_NAME = "$(TARGET_NAME)";
				STRING_CATALOG_GENERATE_SYMBOLS = YES;
				SWIFT_APPROACHABLE_CONCURRENCY = YES;
				SWIFT_DEFAULT_ACTOR_ISOLATION = MainActor;
				SWIFT_EMIT_LOC_STRINGS = YES;
				SWIFT_UPCOMING_FEATURE_MEMBER_IMPORT_VISIBILITY = YES;
				SWIFT_VERSION = 5.0;
				TARGETED_DEVICE_FAMILY = "1,2";
			};
			name = Debug;
		};
		53F544162F96ABBD00BB8616 /* Release */ = {
			isa = XCBuildConfiguration;
			buildSettings = {
				ASSETCATALOG_COMPILER_APPICON_NAME = AppIcon;
				ASSETCATALOG_COMPILER_GLOBAL_ACCENT_COLOR_NAME = AccentColor;
				CODE_SIGN_STYLE = Automatic;
				CURRENT_PROJECT_VERSION = 1;
				ENABLE_PREVIEWS = YES;
				GENERATE_INFOPLIST_FILE = YES;
				INFOPLIST_KEY_NSLocationWhenInUseUsageDescription = "Your location is used to show local weather first.";
				INFOPLIST_KEY_UIApplicationSceneManifest_Generation = YES;
				INFOPLIST_KEY_UIApplicationSupportsIndirectInputEvents = YES;
				INFOPLIST_KEY_UILaunchScreen_Generation = YES;
				INFOPLIST_KEY_UISupportedInterfaceOrientations_iPad = "UIInterfaceOrientationPortrait UIInterfaceOrientationPortraitUpsideDown UIInterfaceOrientationLandscapeLeft UIInterfaceOrientationLandscapeRight";
				INFOPLIST_KEY_UISupportedInterfaceOrientations_iPhone = "UIInterfaceOrientationPortrait UIInterfaceOrientationLandscapeLeft UIInterfaceOrientationLandscapeRight";
				LD_RUNPATH_SEARCH_PATHS = (
					"$(inherited)",
					"@executable_path/Frameworks",
				);
				MARKETING_VERSION = 1.0;
				PRODUCT_BUNDLE_IDENTIFIER = NewWeatherAPP.NewWeatherAPP;
				PRODUCT_NAME = "$(TARGET_NAME)";
				STRING_CATALOG_GENERATE_SYMBOLS = YES;
				SWIFT_APPROACHABLE_CONCURRENCY = YES;
				SWIFT_DEFAULT_ACTOR_ISOLATION = MainActor;
				SWIFT_EMIT_LOC_STRINGS = YES;
				SWIFT_UPCOMING_FEATURE_MEMBER_IMPORT_VISIBILITY = YES;
				SWIFT_VERSION = 5.0;
				TARGETED_DEVICE_FAMILY = "1,2";
			};
			name = Release;
		};
		53F544182F96ABBD00BB8616 /* Debug */ = {
			isa = XCBuildConfiguration;
			buildSettings = {
				BUNDLE_LOADER = "$(TEST_HOST)";
				CODE_SIGN_STYLE = Automatic;
				CURRENT_PROJECT_VERSION = 1;
				GENERATE_INFOPLIST_FILE = YES;
				IPHONEOS_DEPLOYMENT_TARGET = 26.2;
				MARKETING_VERSION = 1.0;
				PRODUCT_BUNDLE_IDENTIFIER = NewWeatherAPP.NewWeatherAPPTests;
				PRODUCT_NAME = "$(TARGET_NAME)";
				STRING_CATALOG_GENERATE_SYMBOLS = NO;
				SWIFT_APPROACHABLE_CONCURRENCY = YES;
				SWIFT_EMIT_LOC_STRINGS = NO;
				SWIFT_UPCOMING_FEATURE_MEMBER_IMPORT_VISIBILITY = YES;
				SWIFT_VERSION = 5.0;
				TARGETED_DEVICE_FAMILY = "1,2";
				TEST_HOST = "$(BUILT_PRODUCTS_DIR)/NewWeatherAPP.app/$(BUNDLE_EXECUTABLE_FOLDER_PATH)/NewWeatherAPP";
			};
			name = Debug;
		};
		53F544192F96ABBD00BB8616 /* Release */ = {
			isa = XCBuildConfiguration;
			buildSettings = {
				BUNDLE_LOADER = "$(TEST_HOST)";
				CODE_SIGN_STYLE = Automatic;
				CURRENT_PROJECT_VERSION = 1;
				GENERATE_INFOPLIST_FILE = YES;
				IPHONEOS_DEPLOYMENT_TARGET = 26.2;
				MARKETING_VERSION = 1.0;
				PRODUCT_BUNDLE_IDENTIFIER = NewWeatherAPP.NewWeatherAPPTests;
				PRODUCT_NAME = "$(TARGET_NAME)";
				STRING_CATALOG_GENERATE_SYMBOLS = NO;
				SWIFT_APPROACHABLE_CONCURRENCY = YES;
				SWIFT_EMIT_LOC_STRINGS = NO;
				SWIFT_UPCOMING_FEATURE_MEMBER_IMPORT_VISIBILITY = YES;
				SWIFT_VERSION = 5.0;
				TARGETED_DEVICE_FAMILY = "1,2";
				TEST_HOST = "$(BUILT_PRODUCTS_DIR)/NewWeatherAPP.app/$(BUNDLE_EXECUTABLE_FOLDER_PATH)/NewWeatherAPP";
			};
			name = Release;
		};
		53F5441B2F96ABBD00BB8616 /* Debug */ = {
			isa = XCBuildConfiguration;
			buildSettings = {
				CODE_SIGN_STYLE = Automatic;
				CURRENT_PROJECT_VERSION = 1;
				GENERATE_INFOPLIST_FILE = YES;
				MARKETING_VERSION = 1.0;
				PRODUCT_BUNDLE_IDENTIFIER = NewWeatherAPP.NewWeatherAPPUITests;
				PRODUCT_NAME = "$(TARGET_NAME)";
				STRING_CATALOG_GENERATE_SYMBOLS = NO;
				SWIFT_APPROACHABLE_CONCURRENCY = YES;
				SWIFT_EMIT_LOC_STRINGS = NO;
				SWIFT_UPCOMING_FEATURE_MEMBER_IMPORT_VISIBILITY = YES;
				SWIFT_VERSION = 5.0;
				TARGETED_DEVICE_FAMILY = "1,2";
				TEST_TARGET_NAME = NewWeatherAPP;
			};
			name = Debug;
		};
		53F5441C2F96ABBD00BB8616 /* Release */ = {
			isa = XCBuildConfiguration;
			buildSettings = {
				CODE_SIGN_STYLE = Automatic;
				CURRENT_PROJECT_VERSION = 1;
				GENERATE_INFOPLIST_FILE = YES;
				MARKETING_VERSION = 1.0;
				PRODUCT_BUNDLE_IDENTIFIER = NewWeatherAPP.NewWeatherAPPUITests;
				PRODUCT_NAME = "$(TARGET_NAME)";
				STRING_CATALOG_GENERATE_SYMBOLS = NO;
				SWIFT_APPROACHABLE_CONCURRENCY = YES;
				SWIFT_EMIT_LOC_STRINGS = NO;
				SWIFT_UPCOMING_FEATURE_MEMBER_IMPORT_VISIBILITY = YES;
				SWIFT_VERSION = 5.0;
				TARGETED_DEVICE_FAMILY = "1,2";
				TEST_TARGET_NAME = NewWeatherAPP;
			};
			name = Release;
		};
/* End XCBuildConfiguration section */

/* Begin XCConfigurationList section */
		53F543EE2F96ABBB00BB8616 /* Build configuration list for PBXProject "NewWeatherAPP" */ = {
			isa = XCConfigurationList;
			buildConfigurations = (
				53F544122F96ABBD00BB8616 /* Debug */,
				53F544132F96ABBD00BB8616 /* Release */,
			);
			defaultConfigurationIsVisible = 0;
			defaultConfigurationName = Release;
		};
		53F544142F96ABBD00BB8616 /* Build configuration list for PBXNativeTarget "NewWeatherAPP" */ = {
			isa = XCConfigurationList;
			buildConfigurations = (
				53F544152F96ABBD00BB8616 /* Debug */,
				53F544162F96ABBD00BB8616 /* Release */,
			);
			defaultConfigurationIsVisible = 0;
			defaultConfigurationName = Release;
		};
		53F544172F96ABBD00BB8616 /* Build configuration list for PBXNativeTarget "NewWeatherAPPTests" */ = {
			isa = XCConfigurationList;
			buildConfigurations = (
				53F544182F96ABBD00BB8616 /* Debug */,
				53F544192F96ABBD00BB8616 /* Release */,
			);
			defaultConfigurationIsVisible = 0;
			defaultConfigurationName = Release;
		};
		53F5441A2F96ABBD00BB8616 /* Build configuration list for PBXNativeTarget "NewWeatherAPPUITests" */ = {
			isa = XCConfigurationList;
			buildConfigurations = (
				53F5441B2F96ABBD00BB8616 /* Debug */,
				53F5441C2F96ABBD00BB8616 /* Release */,
			);
			defaultConfigurationIsVisible = 0;
			defaultConfigurationName = Release;
		};
/* End XCConfigurationList section */
	};
	rootObject = 53F543EB2F96ABBB00BB8616 /* Project object */;
}
